
Microsoft Visual Studio Solution File, Format Version 12.00
# Visual Studio Version 17
VisualStudioVersion = 17.0.31903.59
MinimumVisualStudioVersion = 10.0.40219.1
Project("{2150E333-8FDC-42A3-9474-1A3956D46DE8}") = "src", "src", "{827E0CD3-B72D-47B6-A68D-7590B98EB39B}"
EndProject
Project("{FAE04EC0-301F-11D3-BF4B-00C04F79EFBC}") = "MicroServicioCatalogo", "src\MicroServicioCatalogo\MicroServicioCatalogo.csproj", "{2960B2A0-EE3C-4C96-89E8-E90E809F3F4C}"
EndProject
Project("{FAE04EC0-301F-11D3-BF4B-00C04F79EFBC}") = "MicroServicioOrdenCompra", "src\MicroServicioOrdenCompra\MicroServicioOrdenCompra.csproj", "{13437DE0-5371-46BF-AD04-6FEC77B38EFC}"
EndProject
Project("{FAE04EC0-301F-11D3-BF4B-00C04F79EFBC}") = "MicroServicioCliente", "src\MicroServicioCliente\MicroServicioCliente.csproj", "{689B1DBB-5B6C-4058-9950-BDF0F93ABB89}"
EndProject
Project("{FAE04EC0-301F-11D3-BF4B-00C04F79EFBC}") = "ServicioGateway", "src\ServicioGateway\ServicioGateway.csproj", "{E01BAD9E-4425-48FF-B558-E651AFDA36B3}"
EndProject
Global
	GlobalSection(SolutionConfigurationPlatforms) = preSolution
		Debug|Any CPU = Debug|Any CPU
		Debug|x64 = Debug|x64
		Debug|x86 = Debug|x86
		Release|Any CPU = Release|Any CPU
		Release|x64 = Release|x64
		Release|x86 = Release|x86
	EndGlobalSection
	GlobalSection(ProjectConfigurationPlatforms) = postSolution
		{2960B2A0-EE3C-4C96-89E8-E90E809F3F4C}.Debug|Any CPU.ActiveCfg = Debug|Any CPU
		{2960B2A0-EE3C-4C96-89E8-E90E809F3F4C}.Debug|Any CPU.Build.0 = Debug|Any CPU
		{2960B2A0-EE3C-4C96-89E8-E90E809F3F4C}.Debug|x64.ActiveCfg = Debug|Any CPU
		{2960B2A0-EE3C-4C96-89E8-E90E809F3F4C}.Debug|x64.Build.0 = Debug|Any CPU
		{2960B2A0-EE3C-4C96-89E8-E90E809F3F4C}.Debug|x86.ActiveCfg = Debug|Any CPU
		{2960B2A0-EE3C-4C96-89E8-E90E809F3F4C}.Debug|x86.Build.0 = Debug|Any CPU
		{2960B2A0-EE3C-4C96-89E8-E90E809F3F4C}.Release|Any CPU.ActiveCfg = Release|Any CPU
		{2960B2A0-EE3C-4C96-89E8-E90E809F3F4C}.Release|Any CPU.Build.0 = Release|Any CPU
		{2960B2A0-EE3C-4C96-89E8-E90E809F3F4C}.Release|x64.ActiveCfg = Release|Any CPU
		{2960B2A0-EE3C-4C96-89E8-E90E809F3F4C}.Release|x64.Build.0 = Release|Any CPU
		{2960B2A0-EE3C-4C96-89E8-E90E809F3F4C}.Release|x86.ActiveCfg = Release|Any CPU
		{2960B2A0-EE3C-4C96-89E8-E90E809F3F4C}.Release|x86.Build.0 = Release|Any CPU
		{13437DE0-5371-46BF-AD04-6FEC77B38EFC}.Debug|Any CPU.ActiveCfg = Debug|Any CPU
		{13437DE0-5371-46BF-AD04-6FEC77B38EFC}.Debug|Any CPU.Build.0 = Debug|Any CPU
		{13437DE0-5371-46BF-AD04-6FEC77B38EFC}.Debug|x64.ActiveCfg = Debug|Any CPU
		{13437DE0-5371-46BF-AD04-6FEC77B38EFC}.Debug|x64.Build.0 = Debug|Any CPU
		{13437DE0-5371-46BF-AD04-6FEC77B38EFC}.Debug|x86.ActiveCfg = Debug|Any CPU
		{13437DE0-5371-46BF-AD04-6FEC77B38EFC}.Debug|x86.Build.0 = Debug|Any CPU
		{13437DE0-5371-46BF-AD04-6FEC77B38EFC}.Release|Any CPU.ActiveCfg = Release|Any CPU
		{13437DE0-5371-46BF-AD04-6FEC77B38EFC}.Release|Any CPU.Build.0 = Release|Any CPU
		{13437DE0-5371-46BF-AD04-6FEC77B38EFC}.Release|x64.ActiveCfg = Release|Any CPU
		{13437DE0-5371-46BF-AD04-6FEC77B38EFC}.Release|x64.Build.0 = Release|Any CPU
		{13437DE0-5371-46BF-AD04-6FEC77B38EFC}.Release|x86.ActiveCfg = Release|Any CPU
		{13437DE0-5371-46BF-AD04-6FEC77B38EFC}.Release|x86.Build.0 = Release|Any CPU
		{689B1DBB-5B6C-4058-9950-BDF0F93ABB89}.Debug|Any CPU.ActiveCfg = Debug|Any CPU
		{689B1DBB-5B6C-4058-9950-BDF0F93ABB89}.Debug|Any CPU.Build.0 = Debug|Any CPU
		{689B1DBB-5B6C-4058-9950-BDF0F93ABB89}.Debug|x64.ActiveCfg = Debug|Any CPU
		{689B1DBB-5B6C-4058-9950-BDF0F93ABB89}.Debug|x64.Build.0 = Debug|Any CPU
		{689B1DBB-5B6C-4058-9950-BDF0F93ABB89}.Debug|x86.ActiveCfg = Debug|Any CPU
		{689B1DBB-5B6C-4058-9950-BDF0F93ABB89}.Debug|x86.Build.0 = Debug|Any CPU
		{689B1DBB-5B6C-4058-9950-BDF0F93ABB89}.Release|Any CPU.ActiveCfg = Release|Any CPU
		{689B1DBB-5B6C-4058-9950-BDF0F93ABB89}.Release|Any CPU.Build.0 = Release|Any CPU
		{689B1DBB-5B6C-4058-9950-BDF0F93ABB89}.Release|x64.ActiveCfg = Release|Any CPU
		{689B1DBB-5B6C-4058-9950-BDF0F93ABB89}.Release|x64.Build.0 = Release|Any CPU
		{689B1DBB-5B6C-4058-9950-BDF0F93ABB89}.Release|x86.ActiveCfg = Release|Any CPU
		{689B1DBB-5B6C-4058-9950-BDF0F93ABB89}.Release|x86.Build.0 = Release|Any CPU
		{E01BAD9E-4425-48FF-B558-E651AFDA36B3}.Debug|Any CPU.ActiveCfg = Debug|Any CPU
		{E01BAD9E-4425-48FF-B558-E651AFDA36B3}.Debug|Any CPU.Build.0 = Debug|Any CPU
		{E01BAD9E-4425-48FF-B558-E651AFDA36B3}.Debug|x64.ActiveCfg = Debug|Any CPU
		{E01BAD9E-4425-48FF-B558-E651AFDA36B3}.Debug|x64.Build.0 = Debug|Any CPU
		{E01BAD9E-4425-48FF-B558-E651AFDA36B3}.Debug|x86.ActiveCfg = Debug|Any CPU
		{E01BAD9E-4425-48FF-B558-E651AFDA36B3}.Debug|x86.Build.0 = Debug|Any CPU
		{E01BAD9E-4425-48FF-B558-E651AFDA36B3}.Release|Any CPU.ActiveCfg = Release|Any CPU
		{E01BAD9E-4425-48FF-B558-E651AFDA36B3}.Release|Any CPU.Build.0 = Release|Any CPU
		{E01BAD9E-4425-48FF-B558-E651AFDA36B3}.Release|x64.ActiveCfg = Release|Any CPU
		{E01BAD9E-4425-48FF-B558-E651AFDA36B3}.Release|x64.Build.0 = Release|Any CPU
		{E01BAD9E-4425-48FF-B558-E651AFDA36B3}.Release|x86.ActiveCfg = Release|Any CPU
		{E01BAD9E-4425-48FF-B558-E651AFDA36B3}.Release|x86.Build.0 = Release|Any CPU
	EndGlobalSection
	GlobalSection(SolutionProperties) = preSolution
		HideSolutionNode = FALSE
	EndGlobalSection
	GlobalSection(NestedProjects) = preSolution
		{2960B2A0-EE3C-4C96-89E8-E90E809F3F4C} = {827E0CD3-B72D-47B6-A68D-7590B98EB39B}
		{13437DE0-5371-46BF-AD04-6FEC77B38EFC} = {827E0CD3-B72D-47B6-A68D-7590B98EB39B}
		{689B1DBB-5B6C-4058-9950-BDF0F93ABB89} = {827E0CD3-B72D-47B6-A68D-7590B98EB39B}
		{E01BAD9E-4425-48FF-B558-E651AFDA36B3} = {827E0CD3-B72D-47B6-A68D-7590B98EB39B}
	EndGlobalSection
EndGlobal
